
Microsoft Visual Studio Solution File, Format Version 12.00
# Visual Studio 15
VisualStudioVersion = 15.0.27004.2002
MinimumVisualStudioVersion = 10.0.40219.1
Project("{D954291E-2A0B-460D-934E-DC6B0785DB48}") = "BMI", "BMI\BMI\BMI.shproj", "{B1168B88-2A76-4989-AFE8-1FDFA359BE0C}"
EndProject
Project("{FAE04EC0-301F-11D3-BF4B-00C04F79EFBC}") = "BMI.iOS", "BMI\BMI.iOS\BMI.iOS.csproj", "{65F3194B-E4E8-4F25-9712-E3DEDD2B195A}"
EndProject
Global
	GlobalSection(SharedMSBuildProjectFiles) = preSolution
		BMI\BMI\BMI.projitems*{65f3194b-e4e8-4f25-9712-e3dedd2b195a}*SharedItemsImports = 4
		BMI\BMI\BMI.projitems*{b1168b88-2a76-4989-afe8-1fdfa359be0c}*SharedItemsImports = 13
	EndGlobalSection
	GlobalSection(SolutionConfigurationPlatforms) = preSolution
		Ad-Hoc|Any CPU = Ad-Hoc|Any CPU
		Ad-Hoc|iPhone = Ad-Hoc|iPhone
		Ad-Hoc|iPhoneSimulator = Ad-Hoc|iPhoneSimulator
		AppStore|Any CPU = AppStore|Any CPU
		AppStore|iPhone = AppStore|iPhone
		AppStore|iPhoneSimulator = AppStore|iPhoneSimulator
		Debug|Any CPU = Debug|Any CPU
		Debug|iPhone = Debug|iPhone
		Debug|iPhoneSimulator = Debug|iPhoneSimulator
		Release|Any CPU = Release|Any CPU
		Release|iPhone = Release|iPhone
		Release|iPhoneSimulator = Release|iPhoneSimulator
	EndGlobalSection
	GlobalSection(ProjectConfigurationPlatforms) = postSolution
		{65F3194B-E4E8-4F25-9712-E3DEDD2B195A}.Ad-Hoc|Any CPU.ActiveCfg = Ad-Hoc|iPhoneSimulator
		{65F3194B-E4E8-4F25-9712-E3DEDD2B195A}.Ad-Hoc|iPhone.ActiveCfg = Ad-Hoc|iPhone
		{65F3194B-E4E8-4F25-9712-E3DEDD2B195A}.Ad-Hoc|iPhone.Build.0 = Ad-Hoc|iPhone
		{65F3194B-E4E8-4F25-9712-E3DEDD2B195A}.Ad-Hoc|iPhoneSimulator.ActiveCfg = Ad-Hoc|iPhoneSimulator
		{65F3194B-E4E8-4F25-9712-E3DEDD2B195A}.Ad-Hoc|iPhoneSimulator.Build.0 = Ad-Hoc|iPhoneSimulator
		{65F3194B-E4E8-4F25-9712-E3DEDD2B195A}.AppStore|Any CPU.ActiveCfg = AppStore|iPhoneSimulator
		{65F3194B-E4E8-4F25-9712-E3DEDD2B195A}.AppStore|iPhone.ActiveCfg = AppStore|iPhone
		{65F3194B-E4E8-4F25-9712-E3DEDD2B195A}.AppStore|iPhone.Build.0 = AppStore|iPhone
		{65F3194B-E4E8-4F25-9712-E3DEDD2B195A}.AppStore|iPhoneSimulator.ActiveCfg = AppStore|iPhoneSimulator
		{65F3194B-E4E8-4F25-9712-E3DEDD2B195A}.AppStore|iPhoneSimulator.Build.0 = AppStore|iPhoneSimulator
		{65F3194B-E4E8-4F25-9712-E3DEDD2B195A}.Debug|Any CPU.ActiveCfg = Debug|iPhoneSimulator
		{65F3194B-E4E8-4F25-9712-E3DEDD2B195A}.Debug|iPhone.ActiveCfg = Debug|iPhone
		{65F3194B-E4E8-4F25-9712-E3DEDD2B195A}.Debug|iPhone.Build.0 = Debug|iPhone
		{65F3194B-E4E8-4F25-9712-E3DEDD2B195A}.Debug|iPhoneSimulator.ActiveCfg = Debug|iPhoneSimulator
		{65F3194B-E4E8-4F25-9712-E3DEDD2B195A}.Debug|iPhoneSimulator.Build.0 = Debug|iPhoneSimulator
		{65F3194B-E4E8-4F25-9712-E3DEDD2B195A}.Release|Any CPU.ActiveCfg = Release|iPhoneSimulator
		{65F3194B-E4E8-4F25-9712-E3DEDD2B195A}.Release|iPhone.ActiveCfg = Release|iPhone
		{65F3194B-E4E8-4F25-9712-E3DEDD2B195A}.Release|iPhone.Build.0 = Release|iPhone
		{65F3194B-E4E8-4F25-9712-E3DEDD2B195A}.Release|iPhoneSimulator.ActiveCfg = Release|iPhoneSimulator
		{65F3194B-E4E8-4F25-9712-E3DEDD2B195A}.Release|iPhoneSimulator.Build.0 = Release|iPhoneSimulator
	EndGlobalSection
	GlobalSection(SolutionProperties) = preSolution
		HideSolutionNode = FALSE
	EndGlobalSection
	GlobalSection(ExtensibilityGlobals) = postSolution
		SolutionGuid = {14097B29-E0DB-4550-A2C6-8DF6884C6F45}
	EndGlobalSection
EndGlobal
